
Microsoft Visual Studio Solution File, Format Version 12.00
# Visual Studio Version 17
VisualStudioVersion = 17.3.32922.545
MinimumVisualStudioVersion = 10.0.40219.1
Project("{FAE04EC0-301F-11D3-BF4B-00C04F79EFBC}") = "HospitalApp", "HospitalApp\HospitalApp.csproj", "{BFBEB1B6-5934-42EC-996D-FDF1D657A46E}"
EndProject
Global
	GlobalSection(SolutionConfigurationPlatforms) = preSolution
		Debug|Any CPU = Debug|Any CPU
		Release|Any CPU = Release|Any CPU
	EndGlobalSection
	GlobalSection(ProjectConfigurationPlatforms) = postSolution
		{BFBEB1B6-5934-42EC-996D-FDF1D657A46E}.Debug|Any CPU.ActiveCfg = Debug|Any CPU
		{BFBEB1B6-5934-42EC-996D-FDF1D657A46E}.Debug|Any CPU.Build.0 = Debug|Any CPU
		{BFBEB1B6-5934-42EC-996D-FDF1D657A46E}.Release|Any CPU.ActiveCfg = Release|Any CPU
		{BFBEB1B6-5934-42EC-996D-FDF1D657A46E}.Release|Any CPU.Build.0 = Release|Any CPU
	EndGlobalSection
	GlobalSection(SolutionProperties) = preSolution
		HideSolutionNode = FALSE
	EndGlobalSection
	GlobalSection(ExtensibilityGlobals) = postSolution
		SolutionGuid = {F79C381F-769B-4D69-A849-DAC7D72E0715}
	EndGlobalSection
EndGlobal
